
Microsoft Visual Studio Solution File, Format Version 12.00
# Visual Studio Version 17
VisualStudioVersion = 17.2.32516.85
MinimumVisualStudioVersion = 10.0.40219.1
Project("{9A19103F-16F7-4668-BE54-9A1E7A4F7556}") = "Coding_CS", "Coding\Coding_CS.csproj", "{AC3493C7-E2CC-43EB-96F5-8FB54621B171}"
EndProject
Project("{8BC9CEB8-8B4A-11D0-8D11-00A0C91BC942}") = "Coding_CPP", "Coding_CPP\Coding_CPP.vcxproj", "{AD3EAC6F-FD53-40D7-9E0A-7706F10C34C3}"
EndProject
Global
	GlobalSection(SolutionConfigurationPlatforms) = preSolution
		Debug|Any CPU = Debug|Any CPU
		Debug|x64 = Debug|x64
		Debug|x86 = Debug|x86
		Release|Any CPU = Release|Any CPU
		Release|x64 = Release|x64
		Release|x86 = Release|x86
	EndGlobalSection
	GlobalSection(ProjectConfigurationPlatforms) = postSolution
		{AC3493C7-E2CC-43EB-96F5-8FB54621B171}.Debug|Any CPU.ActiveCfg = Debug|Any CPU
		{AC3493C7-E2CC-43EB-96F5-8FB54621B171}.Debug|Any CPU.Build.0 = Debug|Any CPU
		{AC3493C7-E2CC-43EB-96F5-8FB54621B171}.Debug|x64.ActiveCfg = Debug|Any CPU
		{AC3493C7-E2CC-43EB-96F5-8FB54621B171}.Debug|x64.Build.0 = Debug|Any CPU
		{AC3493C7-E2CC-43EB-96F5-8FB54621B171}.Debug|x86.ActiveCfg = Debug|Any CPU
		{AC3493C7-E2CC-43EB-96F5-8FB54621B171}.Debug|x86.Build.0 = Debug|Any CPU
		{AC3493C7-E2CC-43EB-96F5-8FB54621B171}.Release|Any CPU.ActiveCfg = Release|Any CPU
		{AC3493C7-E2CC-43EB-96F5-8FB54621B171}.Release|Any CPU.Build.0 = Release|Any CPU
		{AC3493C7-E2CC-43EB-96F5-8FB54621B171}.Release|x64.ActiveCfg = Release|Any CPU
		{AC3493C7-E2CC-43EB-96F5-8FB54621B171}.Release|x64.Build.0 = Release|Any CPU
		{AC3493C7-E2CC-43EB-96F5-8FB54621B171}.Release|x86.ActiveCfg = Release|Any CPU
		{AC3493C7-E2CC-43EB-96F5-8FB54621B171}.Release|x86.Build.0 = Release|Any CPU
		{AD3EAC6F-FD53-40D7-9E0A-7706F10C34C3}.Debug|Any CPU.ActiveCfg = Debug|x64
		{AD3EAC6F-FD53-40D7-9E0A-7706F10C34C3}.Debug|Any CPU.Build.0 = Debug|x64
		{AD3EAC6F-FD53-40D7-9E0A-7706F10C34C3}.Debug|x64.ActiveCfg = Debug|x64
		{AD3EAC6F-FD53-40D7-9E0A-7706F10C34C3}.Debug|x64.Build.0 = Debug|x64
		{AD3EAC6F-FD53-40D7-9E0A-7706F10C34C3}.Debug|x86.ActiveCfg = Debug|Win32
		{AD3EAC6F-FD53-40D7-9E0A-7706F10C34C3}.Debug|x86.Build.0 = Debug|Win32
		{AD3EAC6F-FD53-40D7-9E0A-7706F10C34C3}.Release|Any CPU.ActiveCfg = Release|x64
		{AD3EAC6F-FD53-40D7-9E0A-7706F10C34C3}.Release|Any CPU.Build.0 = Release|x64
		{AD3EAC6F-FD53-40D7-9E0A-7706F10C34C3}.Release|x64.ActiveCfg = Release|x64
		{AD3EAC6F-FD53-40D7-9E0A-7706F10C34C3}.Release|x64.Build.0 = Release|x64
		{AD3EAC6F-FD53-40D7-9E0A-7706F10C34C3}.Release|x86.ActiveCfg = Release|Win32
		{AD3EAC6F-FD53-40D7-9E0A-7706F10C34C3}.Release|x86.Build.0 = Release|Win32
	EndGlobalSection
	GlobalSection(SolutionProperties) = preSolution
		HideSolutionNode = FALSE
	EndGlobalSection
	GlobalSection(ExtensibilityGlobals) = postSolution
		SolutionGuid = {B43615D6-7B10-426A-AA31-9368579B7D7D}
	EndGlobalSection
EndGlobal
